
Microsoft Visual Studio Solution File, Format Version 12.00
# Visual Studio Version 16
VisualStudioVersion = 16.0.30907.101
MinimumVisualStudioVersion = 10.0.40219.1
Project("{8BC9CEB8-8B4A-11D0-8D11-00A0C91BC942}") = "scratchpad", "scratchpad\scratchpad.vcxproj", "{44AE70A9-A273-4FFC-956C-E7F2F1BF754A}"
EndProject
Project("{8BC9CEB8-8B4A-11D0-8D11-00A0C91BC942}") = "HelloWorld", "HelloWorld\HelloWorld.vcxproj", "{86062666-9E5C-4E4C-8774-05ADE635A9B1}"
EndProject
Project("{8BC9CEB8-8B4A-11D0-8D11-00A0C91BC942}") = "SingleLocalVariable", "ExampleSubroutine2\ExampleSubroutine2.vcxproj", "{AA6145E5-2005-47DC-BDDE-1244135281B8}"
EndProject
Project("{8BC9CEB8-8B4A-11D0-8D11-00A0C91BC942}") = "ArrayLocalVariable", "ArrayLocalVariable\ArrayLocalVariable.vcxproj", "{C2E4EF2F-15B4-47EE-8E91-9E7C062A51B2}"
EndProject
Project("{8BC9CEB8-8B4A-11D0-8D11-00A0C91BC942}") = "StructLocalVariable", "StructLocalVariable\StructLocalVariable.vcxproj", "{64DED1F9-7E96-423F-9F2B-AD9FB7D95DF4}"
EndProject
Project("{8BC9CEB8-8B4A-11D0-8D11-00A0C91BC942}") = "SpecialMaths", "SpecialMaths\SpecialMaths.vcxproj", "{67BDA165-F72C-461F-B24C-B17E55F0CDC7}"
EndProject
Project("{8BC9CEB8-8B4A-11D0-8D11-00A0C91BC942}") = "Pass1Parameter", "Pass1Parameter\Pass1Parameter.vcxproj", "{C6EE80EE-D37D-41FF-9EB7-95EFA1EE3574}"
EndProject
Project("{8BC9CEB8-8B4A-11D0-8D11-00A0C91BC942}") = "TooManyParameters", "TooManyParameters\TooManyParameters.vcxproj", "{11A33937-D4A1-4821-9946-EAFDF49109D0}"
EndProject
Project("{8BC9CEB8-8B4A-11D0-8D11-00A0C91BC942}") = "GotoExample", "GotoExample\GotoExample.vcxproj", "{4EDBF6B9-A91A-4E88-96E1-81E47C9B69AC}"
EndProject
Project("{8BC9CEB8-8B4A-11D0-8D11-00A0C91BC942}") = "ForLoopNoRet", "ForExample\ForExample.vcxproj", "{47C70AFD-5155-4D6A-83E5-FDFCC0EBEF6C}"
EndProject
Project("{8BC9CEB8-8B4A-11D0-8D11-00A0C91BC942}") = "IfExample", "IfExample\IfExample.vcxproj", "{760C0552-7A04-420B-B14C-DE88A983FEE1}"
EndProject
Project("{8BC9CEB8-8B4A-11D0-8D11-00A0C91BC942}") = "BitmaskExample", "BitmaskExample\BitmaskExample.vcxproj", "{CCCDAC35-FDC7-4CBD-A147-6AF02ED614A7}"
EndProject
Project("{8BC9CEB8-8B4A-11D0-8D11-00A0C91BC942}") = "MulDivExample", "MulDivExample\MulDivExample.vcxproj", "{0BB520CE-A9BA-417F-9706-FEEEB4A9FAF8}"
EndProject
Project("{8BC9CEB8-8B4A-11D0-8D11-00A0C91BC942}") = "ArrayLocalVariable2", "ArrayLocalVariable2\ArrayLocalVariable2.vcxproj", "{A16756F1-1922-4514-BD81-F2A898B7D8CE}"
EndProject
Project("{8BC9CEB8-8B4A-11D0-8D11-00A0C91BC942}") = "ThereWillBe0xb100d", "ThereWillBe0xb100d\ThereWillBe0xb100d.vcxproj", "{7F16F76D-82AA-4373-99CE-5F6A97746A96}"
EndProject
Project("{8BC9CEB8-8B4A-11D0-8D11-00A0C91BC942}") = "JourneyToTheCenterOfMemcpy", "JourneyToTheCenterOfMemcpy\JourneyToTheCenterOfMemcpy.vcxproj", "{EC4A95AA-905B-4170-B596-3D605819D5DD}"
EndProject
Project("{8BC9CEB8-8B4A-11D0-8D11-00A0C91BC942}") = "LetErRIP", "LetErRIP\LetErRIP.vcxproj", "{FF08D38B-D846-46DF-AE95-7E79C7B69A79}"
EndProject
Project("{8BC9CEB8-8B4A-11D0-8D11-00A0C91BC942}") = "SingleLocalVariable2", "SingleLocalVariable2\SingleLocalVariable2.vcxproj", "{0D48DB6E-53F2-4882-94EF-1E2BFBB411D4}"
EndProject
Project("{8BC9CEB8-8B4A-11D0-8D11-00A0C91BC942}") = "ShiftExample1", "ShiftExample1\ShiftExample1.vcxproj", "{3520FBF4-9CF8-4F6C-97C7-F4572FA349AE}"
EndProject
Project("{8BC9CEB8-8B4A-11D0-8D11-00A0C91BC942}") = "ShiftExample2Unsigned", "ShiftExample2Unsigned\ShiftExample2Unsigned.vcxproj", "{BF190D05-28EE-495B-92EE-2234BF9D9C44}"
EndProject
Project("{8BC9CEB8-8B4A-11D0-8D11-00A0C91BC942}") = "ShiftExample3Signed", "ShiftExample3Signed\ShiftExample3Signed.vcxproj", "{667AB214-1C43-483D-861E-2CE5F4A31563}"
EndProject
Project("{8BC9CEB8-8B4A-11D0-8D11-00A0C91BC942}") = "DoubleLocalVariable", "DoubleLocalVariable\DoubleLocalVariable.vcxproj", "{C4E5B946-F9AE-42D4-BA92-DEC5194FD4F2}"
EndProject
Project("{8BC9CEB8-8B4A-11D0-8D11-00A0C91BC942}") = "TripleLocalVariable", "TripleLocalVariable\TripleLocalVariable.vcxproj", "{ECE12882-3907-4FBA-B216-96A38A3BB448}"
EndProject
Project("{8BC9CEB8-8B4A-11D0-8D11-00A0C91BC942}") = "SwitchExample", "SwitchExample\SwitchExample.vcxproj", "{BDEC5A01-1B89-427A-9275-D5D2884BC2A5}"
EndProject
Project("{8BC9CEB8-8B4A-11D0-8D11-00A0C91BC942}") = "BooleanBecause", "BooleanBecause\BooleanBecause.vcxproj", "{990FA9BD-0A0D-41E6-81DF-9ED1645F67E0}"
EndProject
Project("{8BC9CEB8-8B4A-11D0-8D11-00A0C91BC942}") = "IfExample2", "IfExample2\IfExample2.vcxproj", "{854F3C57-E7AF-42AD-8EA0-326CED88BA32}"
EndProject
Project("{8BC9CEB8-8B4A-11D0-8D11-00A0C91BC942}") = "scratchpad_asm", "scratchpad_asm\scratchpad_asm.vcxproj", "{03A8E5BF-C3E5-4FD8-9769-018F4336B5FA}"
EndProject
Project("{8BC9CEB8-8B4A-11D0-8D11-00A0C91BC942}") = "BasicBufferOverflow", "BasicBufferOverflow\BasicBufferOverflow.vcxproj", "{5EE724F9-2405-4EDE-A6D9-B5D88B01D163}"
EndProject
Project("{8BC9CEB8-8B4A-11D0-8D11-00A0C91BC942}") = "CallAFunction1", "ExampleSubroutine1\ExampleSubroutine1.vcxproj", "{986C47C6-AF1E-4255-A96F-4DF48CA6D836}"
EndProject
Global
	GlobalSection(SolutionConfigurationPlatforms) = preSolution
		Debug|Any CPU = Debug|Any CPU
		Debug|Mixed Platforms = Debug|Mixed Platforms
		Debug|Win32 = Debug|Win32
		Debug|x64 = Debug|x64
		Release|Any CPU = Release|Any CPU
		Release|Mixed Platforms = Release|Mixed Platforms
		Release|Win32 = Release|Win32
		Release|x64 = Release|x64
	EndGlobalSection
	GlobalSection(ProjectConfigurationPlatforms) = postSolution
		{44AE70A9-A273-4FFC-956C-E7F2F1BF754A}.Debug|Any CPU.ActiveCfg = Debug|Win32
		{44AE70A9-A273-4FFC-956C-E7F2F1BF754A}.Debug|Mixed Platforms.ActiveCfg = Debug|Win32
		{44AE70A9-A273-4FFC-956C-E7F2F1BF754A}.Debug|Mixed Platforms.Build.0 = Debug|Win32
		{44AE70A9-A273-4FFC-956C-E7F2F1BF754A}.Debug|Win32.ActiveCfg = Debug|Win32
		{44AE70A9-A273-4FFC-956C-E7F2F1BF754A}.Debug|Win32.Build.0 = Debug|Win32
		{44AE70A9-A273-4FFC-956C-E7F2F1BF754A}.Debug|x64.ActiveCfg = Debug|x64
		{44AE70A9-A273-4FFC-956C-E7F2F1BF754A}.Debug|x64.Build.0 = Debug|x64
		{44AE70A9-A273-4FFC-956C-E7F2F1BF754A}.Release|Any CPU.ActiveCfg = Release|Win32
		{44AE70A9-A273-4FFC-956C-E7F2F1BF754A}.Release|Mixed Platforms.ActiveCfg = Release|Win32
		{44AE70A9-A273-4FFC-956C-E7F2F1BF754A}.Release|Mixed Platforms.Build.0 = Release|Win32
		{44AE70A9-A273-4FFC-956C-E7F2F1BF754A}.Release|Win32.ActiveCfg = Release|Win32
		{44AE70A9-A273-4FFC-956C-E7F2F1BF754A}.Release|Win32.Build.0 = Release|Win32
		{44AE70A9-A273-4FFC-956C-E7F2F1BF754A}.Release|x64.ActiveCfg = Release|x64
		{44AE70A9-A273-4FFC-956C-E7F2F1BF754A}.Release|x64.Build.0 = Release|x64
		{86062666-9E5C-4E4C-8774-05ADE635A9B1}.Debug|Any CPU.ActiveCfg = Debug|Win32
		{86062666-9E5C-4E4C-8774-05ADE635A9B1}.Debug|Mixed Platforms.ActiveCfg = Debug|Win32
		{86062666-9E5C-4E4C-8774-05ADE635A9B1}.Debug|Mixed Platforms.Build.0 = Debug|Win32
		{86062666-9E5C-4E4C-8774-05ADE635A9B1}.Debug|Win32.ActiveCfg = Debug|Win32
		{86062666-9E5C-4E4C-8774-05ADE635A9B1}.Debug|Win32.Build.0 = Debug|Win32
		{86062666-9E5C-4E4C-8774-05ADE635A9B1}.Debug|x64.ActiveCfg = Debug|x64
		{86062666-9E5C-4E4C-8774-05ADE635A9B1}.Debug|x64.Build.0 = Debug|x64
		{86062666-9E5C-4E4C-8774-05ADE635A9B1}.Release|Any CPU.ActiveCfg = Release|Win32
		{86062666-9E5C-4E4C-8774-05ADE635A9B1}.Release|Mixed Platforms.ActiveCfg = Release|Win32
		{86062666-9E5C-4E4C-8774-05ADE635A9B1}.Release|Mixed Platforms.Build.0 = Release|Win32
		{86062666-9E5C-4E4C-8774-05ADE635A9B1}.Release|Win32.ActiveCfg = Release|Win32
		{86062666-9E5C-4E4C-8774-05ADE635A9B1}.Release|Win32.Build.0 = Release|Win32
		{86062666-9E5C-4E4C-8774-05ADE635A9B1}.Release|x64.ActiveCfg = Release|x64
		{86062666-9E5C-4E4C-8774-05ADE635A9B1}.Release|x64.Build.0 = Release|x64
		{AA6145E5-2005-47DC-BDDE-1244135281B8}.Debug|Any CPU.ActiveCfg = Debug|Win32
		{AA6145E5-2005-47DC-BDDE-1244135281B8}.Debug|Mixed Platforms.ActiveCfg = Debug|Win32
		{AA6145E5-2005-47DC-BDDE-1244135281B8}.Debug|Mixed Platforms.Build.0 = Debug|Win32
		{AA6145E5-2005-47DC-BDDE-1244135281B8}.Debug|Win32.ActiveCfg = Debug|Win32
		{AA6145E5-2005-47DC-BDDE-1244135281B8}.Debug|Win32.Build.0 = Debug|Win32
		{AA6145E5-2005-47DC-BDDE-1244135281B8}.Debug|x64.ActiveCfg = Debug|x64
		{AA6145E5-2005-47DC-BDDE-1244135281B8}.Debug|x64.Build.0 = Debug|x64
		{AA6145E5-2005-47DC-BDDE-1244135281B8}.Release|Any CPU.ActiveCfg = Release|Win32
		{AA6145E5-2005-47DC-BDDE-1244135281B8}.Release|Mixed Platforms.ActiveCfg = Release|Win32
		{AA6145E5-2005-47DC-BDDE-1244135281B8}.Release|Mixed Platforms.Build.0 = Release|Win32
		{AA6145E5-2005-47DC-BDDE-1244135281B8}.Release|Win32.ActiveCfg = Release|Win32
		{AA6145E5-2005-47DC-BDDE-1244135281B8}.Release|Win32.Build.0 = Release|Win32
		{AA6145E5-2005-47DC-BDDE-1244135281B8}.Release|x64.ActiveCfg = Release|Win32
		{AA6145E5-2005-47DC-BDDE-1244135281B8}.Release|x64.Build.0 = Release|Win32
		{C2E4EF2F-15B4-47EE-8E91-9E7C062A51B2}.Debug|Any CPU.ActiveCfg = Debug|Win32
		{C2E4EF2F-15B4-47EE-8E91-9E7C062A51B2}.Debug|Mixed Platforms.ActiveCfg = Debug|Win32
		{C2E4EF2F-15B4-47EE-8E91-9E7C062A51B2}.Debug|Mixed Platforms.Build.0 = Debug|Win32
		{C2E4EF2F-15B4-47EE-8E91-9E7C062A51B2}.Debug|Win32.ActiveCfg = Debug|Win32
		{C2E4EF2F-15B4-47EE-8E91-9E7C062A51B2}.Debug|Win32.Build.0 = Debug|Win32
		{C2E4EF2F-15B4-47EE-8E91-9E7C062A51B2}.Debug|x64.ActiveCfg = Debug|x64
		{C2E4EF2F-15B4-47EE-8E91-9E7C062A51B2}.Debug|x64.Build.0 = Debug|x64
		{C2E4EF2F-15B4-47EE-8E91-9E7C062A51B2}.Release|Any CPU.ActiveCfg = Release|Win32
		{C2E4EF2F-15B4-47EE-8E91-9E7C062A51B2}.Release|Mixed Platforms.ActiveCfg = Release|Win32
		{C2E4EF2F-15B4-47EE-8E91-9E7C062A51B2}.Release|Mixed Platforms.Build.0 = Release|Win32
		{C2E4EF2F-15B4-47EE-8E91-9E7C062A51B2}.Release|Win32.ActiveCfg = Release|Win32
		{C2E4EF2F-15B4-47EE-8E91-9E7C062A51B2}.Release|Win32.Build.0 = Release|Win32
		{C2E4EF2F-15B4-47EE-8E91-9E7C062A51B2}.Release|x64.ActiveCfg = Release|x64
		{C2E4EF2F-15B4-47EE-8E91-9E7C062A51B2}.Release|x64.Build.0 = Release|x64
		{64DED1F9-7E96-423F-9F2B-AD9FB7D95DF4}.Debug|Any CPU.ActiveCfg = Debug|Win32
		{64DED1F9-7E96-423F-9F2B-AD9FB7D95DF4}.Debug|Mixed Platforms.ActiveCfg = Debug|Win32
		{64DED1F9-7E96-423F-9F2B-AD9FB7D95DF4}.Debug|Mixed Platforms.Build.0 = Debug|Win32
		{64DED1F9-7E96-423F-9F2B-AD9FB7D95DF4}.Debug|Win32.ActiveCfg = Debug|Win32
		{64DED1F9-7E96-423F-9F2B-AD9FB7D95DF4}.Debug|Win32.Build.0 = Debug|Win32
		{64DED1F9-7E96-423F-9F2B-AD9FB7D95DF4}.Debug|x64.ActiveCfg = Debug|x64
		{64DED1F9-7E96-423F-9F2B-AD9FB7D95DF4}.Debug|x64.Build.0 = Debug|x64
		{64DED1F9-7E96-423F-9F2B-AD9FB7D95DF4}.Release|Any CPU.ActiveCfg = Release|Win32
		{64DED1F9-7E96-423F-9F2B-AD9FB7D95DF4}.Release|Mixed Platforms.ActiveCfg = Release|Win32
		{64DED1F9-7E96-423F-9F2B-AD9FB7D95DF4}.Release|Mixed Platforms.Build.0 = Release|Win32
		{64DED1F9-7E96-423F-9F2B-AD9FB7D95DF4}.Release|Win32.ActiveCfg = Release|Win32
		{64DED1F9-7E96-423F-9F2B-AD9FB7D95DF4}.Release|Win32.Build.0 = Release|Win32
		{64DED1F9-7E96-423F-9F2B-AD9FB7D95DF4}.Release|x64.ActiveCfg = Release|x64
		{64DED1F9-7E96-423F-9F2B-AD9FB7D95DF4}.Release|x64.Build.0 = Release|x64
		{67BDA165-F72C-461F-B24C-B17E55F0CDC7}.Debug|Any CPU.ActiveCfg = Debug|Win32
		{67BDA165-F72C-461F-B24C-B17E55F0CDC7}.Debug|Mixed Platforms.ActiveCfg = Debug|Win32
		{67BDA165-F72C-461F-B24C-B17E55F0CDC7}.Debug|Mixed Platforms.Build.0 = Debug|Win32
		{67BDA165-F72C-461F-B24C-B17E55F0CDC7}.Debug|Win32.ActiveCfg = Debug|Win32
		{67BDA165-F72C-461F-B24C-B17E55F0CDC7}.Debug|Win32.Build.0 = Debug|Win32
		{67BDA165-F72C-461F-B24C-B17E55F0CDC7}.Debug|x64.ActiveCfg = Debug|x64
		{67BDA165-F72C-461F-B24C-B17E55F0CDC7}.Debug|x64.Build.0 = Debug|x64
		{67BDA165-F72C-461F-B24C-B17E55F0CDC7}.Release|Any CPU.ActiveCfg = Release|Win32
		{67BDA165-F72C-461F-B24C-B17E55F0CDC7}.Release|Mixed Platforms.ActiveCfg = Release|Win32
		{67BDA165-F72C-461F-B24C-B17E55F0CDC7}.Release|Mixed Platforms.Build.0 = Release|Win32
		{67BDA165-F72C-461F-B24C-B17E55F0CDC7}.Release|Win32.ActiveCfg = Release|Win32
		{67BDA165-F72C-461F-B24C-B17E55F0CDC7}.Release|Win32.Build.0 = Release|Win32
		{67BDA165-F72C-461F-B24C-B17E55F0CDC7}.Release|x64.ActiveCfg = Release|x64
		{67BDA165-F72C-461F-B24C-B17E55F0CDC7}.Release|x64.Build.0 = Release|x64
		{C6EE80EE-D37D-41FF-9EB7-95EFA1EE3574}.Debug|Any CPU.ActiveCfg = Debug|Win32
		{C6EE80EE-D37D-41FF-9EB7-95EFA1EE3574}.Debug|Mixed Platforms.ActiveCfg = Debug|Win32
		{C6EE80EE-D37D-41FF-9EB7-95EFA1EE3574}.Debug|Mixed Platforms.Build.0 = Debug|Win32
		{C6EE80EE-D37D-41FF-9EB7-95EFA1EE3574}.Debug|Win32.ActiveCfg = Debug|Win32
		{C6EE80EE-D37D-41FF-9EB7-95EFA1EE3574}.Debug|Win32.Build.0 = Debug|Win32
		{C6EE80EE-D37D-41FF-9EB7-95EFA1EE3574}.Debug|x64.ActiveCfg = Debug|x64
		{C6EE80EE-D37D-41FF-9EB7-95EFA1EE3574}.Debug|x64.Build.0 = Debug|x64
		{C6EE80EE-D37D-41FF-9EB7-95EFA1EE3574}.Release|Any CPU.ActiveCfg = Release|Win32
		{C6EE80EE-D37D-41FF-9EB7-95EFA1EE3574}.Release|Mixed Platforms.ActiveCfg = Release|Win32
		{C6EE80EE-D37D-41FF-9EB7-95EFA1EE3574}.Release|Mixed Platforms.Build.0 = Release|Win32
		{C6EE80EE-D37D-41FF-9EB7-95EFA1EE3574}.Release|Win32.ActiveCfg = Release|Win32
		{C6EE80EE-D37D-41FF-9EB7-95EFA1EE3574}.Release|Win32.Build.0 = Release|Win32
		{C6EE80EE-D37D-41FF-9EB7-95EFA1EE3574}.Release|x64.ActiveCfg = Release|x64
		{C6EE80EE-D37D-41FF-9EB7-95EFA1EE3574}.Release|x64.Build.0 = Release|x64
		{11A33937-D4A1-4821-9946-EAFDF49109D0}.Debug|Any CPU.ActiveCfg = Debug|Win32
		{11A33937-D4A1-4821-9946-EAFDF49109D0}.Debug|Mixed Platforms.ActiveCfg = Debug|Win32
		{11A33937-D4A1-4821-9946-EAFDF49109D0}.Debug|Mixed Platforms.Build.0 = Debug|Win32
		{11A33937-D4A1-4821-9946-EAFDF49109D0}.Debug|Win32.ActiveCfg = Debug|Win32
		{11A33937-D4A1-4821-9946-EAFDF49109D0}.Debug|Win32.Build.0 = Debug|Win32
		{11A33937-D4A1-4821-9946-EAFDF49109D0}.Debug|x64.ActiveCfg = Debug|x64
		{11A33937-D4A1-4821-9946-EAFDF49109D0}.Debug|x64.Build.0 = Debug|x64
		{11A33937-D4A1-4821-9946-EAFDF49109D0}.Release|Any CPU.ActiveCfg = Release|Win32
		{11A33937-D4A1-4821-9946-EAFDF49109D0}.Release|Mixed Platforms.ActiveCfg = Release|Win32
		{11A33937-D4A1-4821-9946-EAFDF49109D0}.Release|Mixed Platforms.Build.0 = Release|Win32
		{11A33937-D4A1-4821-9946-EAFDF49109D0}.Release|Win32.ActiveCfg = Release|Win32
		{11A33937-D4A1-4821-9946-EAFDF49109D0}.Release|Win32.Build.0 = Release|Win32
		{11A33937-D4A1-4821-9946-EAFDF49109D0}.Release|x64.ActiveCfg = Release|x64
		{11A33937-D4A1-4821-9946-EAFDF49109D0}.Release|x64.Build.0 = Release|x64
		{4EDBF6B9-A91A-4E88-96E1-81E47C9B69AC}.Debug|Any CPU.ActiveCfg = Debug|Win32
		{4EDBF6B9-A91A-4E88-96E1-81E47C9B69AC}.Debug|Mixed Platforms.ActiveCfg = Debug|Win32
		{4EDBF6B9-A91A-4E88-96E1-81E47C9B69AC}.Debug|Mixed Platforms.Build.0 = Debug|Win32
		{4EDBF6B9-A91A-4E88-96E1-81E47C9B69AC}.Debug|Win32.ActiveCfg = Debug|Win32
		{4EDBF6B9-A91A-4E88-96E1-81E47C9B69AC}.Debug|Win32.Build.0 = Debug|Win32
		{4EDBF6B9-A91A-4E88-96E1-81E47C9B69AC}.Debug|x64.ActiveCfg = Debug|x64
		{4EDBF6B9-A91A-4E88-96E1-81E47C9B69AC}.Debug|x64.Build.0 = Debug|x64
		{4EDBF6B9-A91A-4E88-96E1-81E47C9B69AC}.Release|Any CPU.ActiveCfg = Release|Win32
		{4EDBF6B9-A91A-4E88-96E1-81E47C9B69AC}.Release|Mixed Platforms.ActiveCfg = Release|Win32
		{4EDBF6B9-A91A-4E88-96E1-81E47C9B69AC}.Release|Mixed Platforms.Build.0 = Release|Win32
		{4EDBF6B9-A91A-4E88-96E1-81E47C9B69AC}.Release|Win32.ActiveCfg = Release|Win32
		{4EDBF6B9-A91A-4E88-96E1-81E47C9B69AC}.Release|Win32.Build.0 = Release|Win32
		{4EDBF6B9-A91A-4E88-96E1-81E47C9B69AC}.Release|x64.ActiveCfg = Release|Win32
		{47C70AFD-5155-4D6A-83E5-FDFCC0EBEF6C}.Debug|Any CPU.ActiveCfg = Debug|Win32
		{47C70AFD-5155-4D6A-83E5-FDFCC0EBEF6C}.Debug|Mixed Platforms.ActiveCfg = Debug|Win32
		{47C70AFD-5155-4D6A-83E5-FDFCC0EBEF6C}.Debug|Mixed Platforms.Build.0 = Debug|Win32
		{47C70AFD-5155-4D6A-83E5-FDFCC0EBEF6C}.Debug|Win32.ActiveCfg = Debug|Win32
		{47C70AFD-5155-4D6A-83E5-FDFCC0EBEF6C}.Debug|Win32.Build.0 = Debug|Win32
		{47C70AFD-5155-4D6A-83E5-FDFCC0EBEF6C}.Debug|x64.ActiveCfg = Debug|x64
		{47C70AFD-5155-4D6A-83E5-FDFCC0EBEF6C}.Debug|x64.Build.0 = Debug|x64
		{47C70AFD-5155-4D6A-83E5-FDFCC0EBEF6C}.Release|Any CPU.ActiveCfg = Release|Win32
		{47C70AFD-5155-4D6A-83E5-FDFCC0EBEF6C}.Release|Mixed Platforms.ActiveCfg = Release|Win32
		{47C70AFD-5155-4D6A-83E5-FDFCC0EBEF6C}.Release|Mixed Platforms.Build.0 = Release|Win32
		{47C70AFD-5155-4D6A-83E5-FDFCC0EBEF6C}.Release|Win32.ActiveCfg = Release|Win32
		{47C70AFD-5155-4D6A-83E5-FDFCC0EBEF6C}.Release|Win32.Build.0 = Release|Win32
		{47C70AFD-5155-4D6A-83E5-FDFCC0EBEF6C}.Release|x64.ActiveCfg = Release|x64
		{47C70AFD-5155-4D6A-83E5-FDFCC0EBEF6C}.Release|x64.Build.0 = Release|x64
		{760C0552-7A04-420B-B14C-DE88A983FEE1}.Debug|Any CPU.ActiveCfg = Debug|Win32
		{760C0552-7A04-420B-B14C-DE88A983FEE1}.Debug|Mixed Platforms.ActiveCfg = Debug|Win32
		{760C0552-7A04-420B-B14C-DE88A983FEE1}.Debug|Mixed Platforms.Build.0 = Debug|Win32
		{760C0552-7A04-420B-B14C-DE88A983FEE1}.Debug|Win32.ActiveCfg = Debug|Win32
		{760C0552-7A04-420B-B14C-DE88A983FEE1}.Debug|Win32.Build.0 = Debug|Win32
		{760C0552-7A04-420B-B14C-DE88A983FEE1}.Debug|x64.ActiveCfg = Debug|x64
		{760C0552-7A04-420B-B14C-DE88A983FEE1}.Debug|x64.Build.0 = Debug|x64
		{760C0552-7A04-420B-B14C-DE88A983FEE1}.Release|Any CPU.ActiveCfg = Release|Win32
		{760C0552-7A04-420B-B14C-DE88A983FEE1}.Release|Mixed Platforms.ActiveCfg = Release|Win32
		{760C0552-7A04-420B-B14C-DE88A983FEE1}.Release|Mixed Platforms.Build.0 = Release|Win32
		{760C0552-7A04-420B-B14C-DE88A983FEE1}.Release|Win32.ActiveCfg = Release|Win32
		{760C0552-7A04-420B-B14C-DE88A983FEE1}.Release|Win32.Build.0 = Release|Win32
		{760C0552-7A04-420B-B14C-DE88A983FEE1}.Release|x64.ActiveCfg = Release|x64
		{760C0552-7A04-420B-B14C-DE88A983FEE1}.Release|x64.Build.0 = Release|x64
		{CCCDAC35-FDC7-4CBD-A147-6AF02ED614A7}.Debug|Any CPU.ActiveCfg = Debug|Win32
		{CCCDAC35-FDC7-4CBD-A147-6AF02ED614A7}.Debug|Mixed Platforms.ActiveCfg = Debug|Win32
		{CCCDAC35-FDC7-4CBD-A147-6AF02ED614A7}.Debug|Mixed Platforms.Build.0 = Debug|Win32
		{CCCDAC35-FDC7-4CBD-A147-6AF02ED614A7}.Debug|Win32.ActiveCfg = Debug|Win32
		{CCCDAC35-FDC7-4CBD-A147-6AF02ED614A7}.Debug|Win32.Build.0 = Debug|Win32
		{CCCDAC35-FDC7-4CBD-A147-6AF02ED614A7}.Debug|x64.ActiveCfg = Debug|x64
		{CCCDAC35-FDC7-4CBD-A147-6AF02ED614A7}.Debug|x64.Build.0 = Debug|x64
		{CCCDAC35-FDC7-4CBD-A147-6AF02ED614A7}.Release|Any CPU.ActiveCfg = Release|Win32
		{CCCDAC35-FDC7-4CBD-A147-6AF02ED614A7}.Release|Mixed Platforms.ActiveCfg = Release|Win32
		{CCCDAC35-FDC7-4CBD-A147-6AF02ED614A7}.Release|Mixed Platforms.Build.0 = Release|Win32
		{CCCDAC35-FDC7-4CBD-A147-6AF02ED614A7}.Release|Win32.ActiveCfg = Release|Win32
		{CCCDAC35-FDC7-4CBD-A147-6AF02ED614A7}.Release|Win32.Build.0 = Release|Win32
		{CCCDAC35-FDC7-4CBD-A147-6AF02ED614A7}.Release|x64.ActiveCfg = Release|x64
		{CCCDAC35-FDC7-4CBD-A147-6AF02ED614A7}.Release|x64.Build.0 = Release|x64
		{0BB520CE-A9BA-417F-9706-FEEEB4A9FAF8}.Debug|Any CPU.ActiveCfg = Debug|Win32
		{0BB520CE-A9BA-417F-9706-FEEEB4A9FAF8}.Debug|Mixed Platforms.ActiveCfg = Debug|Win32
		{0BB520CE-A9BA-417F-9706-FEEEB4A9FAF8}.Debug|Mixed Platforms.Build.0 = Debug|Win32
		{0BB520CE-A9BA-417F-9706-FEEEB4A9FAF8}.Debug|Win32.ActiveCfg = Debug|Win32
		{0BB520CE-A9BA-417F-9706-FEEEB4A9FAF8}.Debug|Win32.Build.0 = Debug|Win32
		{0BB520CE-A9BA-417F-9706-FEEEB4A9FAF8}.Debug|x64.ActiveCfg = Debug|x64
		{0BB520CE-A9BA-417F-9706-FEEEB4A9FAF8}.Debug|x64.Build.0 = Debug|x64
		{0BB520CE-A9BA-417F-9706-FEEEB4A9FAF8}.Release|Any CPU.ActiveCfg = Release|Win32
		{0BB520CE-A9BA-417F-9706-FEEEB4A9FAF8}.Release|Mixed Platforms.ActiveCfg = Release|Win32
		{0BB520CE-A9BA-417F-9706-FEEEB4A9FAF8}.Release|Mixed Platforms.Build.0 = Release|Win32
		{0BB520CE-A9BA-417F-9706-FEEEB4A9FAF8}.Release|Win32.ActiveCfg = Release|Win32
		{0BB520CE-A9BA-417F-9706-FEEEB4A9FAF8}.Release|Win32.Build.0 = Release|Win32
		{0BB520CE-A9BA-417F-9706-FEEEB4A9FAF8}.Release|x64.ActiveCfg = Release|x64
		{0BB520CE-A9BA-417F-9706-FEEEB4A9FAF8}.Release|x64.Build.0 = Release|x64
		{A16756F1-1922-4514-BD81-F2A898B7D8CE}.Debug|Any CPU.ActiveCfg = Debug|Win32
		{A16756F1-1922-4514-BD81-F2A898B7D8CE}.Debug|Mixed Platforms.ActiveCfg = Debug|Win32
		{A16756F1-1922-4514-BD81-F2A898B7D8CE}.Debug|Mixed Platforms.Build.0 = Debug|Win32
		{A16756F1-1922-4514-BD81-F2A898B7D8CE}.Debug|Win32.ActiveCfg = Debug|Win32
		{A16756F1-1922-4514-BD81-F2A898B7D8CE}.Debug|Win32.Build.0 = Debug|Win32
		{A16756F1-1922-4514-BD81-F2A898B7D8CE}.Debug|x64.ActiveCfg = Debug|x64
		{A16756F1-1922-4514-BD81-F2A898B7D8CE}.Debug|x64.Build.0 = Debug|x64
		{A16756F1-1922-4514-BD81-F2A898B7D8CE}.Release|Any CPU.ActiveCfg = Release|Win32
		{A16756F1-1922-4514-BD81-F2A898B7D8CE}.Release|Mixed Platforms.ActiveCfg = Release|Win32
		{A16756F1-1922-4514-BD81-F2A898B7D8CE}.Release|Mixed Platforms.Build.0 = Release|Win32
		{A16756F1-1922-4514-BD81-F2A898B7D8CE}.Release|Win32.ActiveCfg = Release|Win32
		{A16756F1-1922-4514-BD81-F2A898B7D8CE}.Release|Win32.Build.0 = Release|Win32
		{A16756F1-1922-4514-BD81-F2A898B7D8CE}.Release|x64.ActiveCfg = Release|x64
		{A16756F1-1922-4514-BD81-F2A898B7D8CE}.Release|x64.Build.0 = Release|x64
		{7F16F76D-82AA-4373-99CE-5F6A97746A96}.Debug|Any CPU.ActiveCfg = Debug|Win32
		{7F16F76D-82AA-4373-99CE-5F6A97746A96}.Debug|Mixed Platforms.ActiveCfg = Debug|Win32
		{7F16F76D-82AA-4373-99CE-5F6A97746A96}.Debug|Mixed Platforms.Build.0 = Debug|Win32
		{7F16F76D-82AA-4373-99CE-5F6A97746A96}.Debug|Win32.ActiveCfg = Debug|Win32
		{7F16F76D-82AA-4373-99CE-5F6A97746A96}.Debug|Win32.Build.0 = Debug|Win32
		{7F16F76D-82AA-4373-99CE-5F6A97746A96}.Debug|x64.ActiveCfg = Debug|x64
		{7F16F76D-82AA-4373-99CE-5F6A97746A96}.Debug|x64.Build.0 = Debug|x64
		{7F16F76D-82AA-4373-99CE-5F6A97746A96}.Release|Any CPU.ActiveCfg = Release|Win32
		{7F16F76D-82AA-4373-99CE-5F6A97746A96}.Release|Mixed Platforms.ActiveCfg = Release|Win32
		{7F16F76D-82AA-4373-99CE-5F6A97746A96}.Release|Mixed Platforms.Build.0 = Release|Win32
		{7F16F76D-82AA-4373-99CE-5F6A97746A96}.Release|Win32.ActiveCfg = Release|Win32
		{7F16F76D-82AA-4373-99CE-5F6A97746A96}.Release|Win32.Build.0 = Release|Win32
		{7F16F76D-82AA-4373-99CE-5F6A97746A96}.Release|x64.ActiveCfg = Release|x64
		{7F16F76D-82AA-4373-99CE-5F6A97746A96}.Release|x64.Build.0 = Release|x64
		{EC4A95AA-905B-4170-B596-3D605819D5DD}.Debug|Any CPU.ActiveCfg = Debug|Win32
		{EC4A95AA-905B-4170-B596-3D605819D5DD}.Debug|Mixed Platforms.ActiveCfg = Debug|Win32
		{EC4A95AA-905B-4170-B596-3D605819D5DD}.Debug|Mixed Platforms.Build.0 = Debug|Win32
		{EC4A95AA-905B-4170-B596-3D605819D5DD}.Debug|Win32.ActiveCfg = Debug|Win32
		{EC4A95AA-905B-4170-B596-3D605819D5DD}.Debug|Win32.Build.0 = Debug|Win32
		{EC4A95AA-905B-4170-B596-3D605819D5DD}.Debug|x64.ActiveCfg = Debug|x64
		{EC4A95AA-905B-4170-B596-3D605819D5DD}.Debug|x64.Build.0 = Debug|x64
		{EC4A95AA-905B-4170-B596-3D605819D5DD}.Release|Any CPU.ActiveCfg = Release|Win32
		{EC4A95AA-905B-4170-B596-3D605819D5DD}.Release|Mixed Platforms.ActiveCfg = Release|Win32
		{EC4A95AA-905B-4170-B596-3D605819D5DD}.Release|Mixed Platforms.Build.0 = Release|Win32
		{EC4A95AA-905B-4170-B596-3D605819D5DD}.Release|Win32.ActiveCfg = Release|Win32
		{EC4A95AA-905B-4170-B596-3D605819D5DD}.Release|Win32.Build.0 = Release|Win32
		{EC4A95AA-905B-4170-B596-3D605819D5DD}.Release|x64.ActiveCfg = Release|x64
		{EC4A95AA-905B-4170-B596-3D605819D5DD}.Release|x64.Build.0 = Release|x64
		{FF08D38B-D846-46DF-AE95-7E79C7B69A79}.Debug|Any CPU.ActiveCfg = Debug|Win32
		{FF08D38B-D846-46DF-AE95-7E79C7B69A79}.Debug|Mixed Platforms.ActiveCfg = Debug|Win32
		{FF08D38B-D846-46DF-AE95-7E79C7B69A79}.Debug|Mixed Platforms.Build.0 = Debug|Win32
		{FF08D38B-D846-46DF-AE95-7E79C7B69A79}.Debug|Win32.ActiveCfg = Debug|Win32
		{FF08D38B-D846-46DF-AE95-7E79C7B69A79}.Debug|Win32.Build.0 = Debug|Win32
		{FF08D38B-D846-46DF-AE95-7E79C7B69A79}.Debug|x64.ActiveCfg = Debug|x64
		{FF08D38B-D846-46DF-AE95-7E79C7B69A79}.Debug|x64.Build.0 = Debug|x64
		{FF08D38B-D846-46DF-AE95-7E79C7B69A79}.Release|Any CPU.ActiveCfg = Release|Win32
		{FF08D38B-D846-46DF-AE95-7E79C7B69A79}.Release|Mixed Platforms.ActiveCfg = Release|Win32
		{FF08D38B-D846-46DF-AE95-7E79C7B69A79}.Release|Mixed Platforms.Build.0 = Release|Win32
		{FF08D38B-D846-46DF-AE95-7E79C7B69A79}.Release|Win32.ActiveCfg = Release|Win32
		{FF08D38B-D846-46DF-AE95-7E79C7B69A79}.Release|Win32.Build.0 = Release|Win32
		{FF08D38B-D846-46DF-AE95-7E79C7B69A79}.Release|x64.ActiveCfg = Release|Win32
		{0D48DB6E-53F2-4882-94EF-1E2BFBB411D4}.Debug|Any CPU.ActiveCfg = Debug|Win32
		{0D48DB6E-53F2-4882-94EF-1E2BFBB411D4}.Debug|Mixed Platforms.ActiveCfg = Debug|Win32
		{0D48DB6E-53F2-4882-94EF-1E2BFBB411D4}.Debug|Mixed Platforms.Build.0 = Debug|Win32
		{0D48DB6E-53F2-4882-94EF-1E2BFBB411D4}.Debug|Win32.ActiveCfg = Debug|Win32
		{0D48DB6E-53F2-4882-94EF-1E2BFBB411D4}.Debug|Win32.Build.0 = Debug|Win32
		{0D48DB6E-53F2-4882-94EF-1E2BFBB411D4}.Debug|x64.ActiveCfg = Debug|x64
		{0D48DB6E-53F2-4882-94EF-1E2BFBB411D4}.Debug|x64.Build.0 = Debug|x64
		{0D48DB6E-53F2-4882-94EF-1E2BFBB411D4}.Release|Any CPU.ActiveCfg = Release|Win32
		{0D48DB6E-53F2-4882-94EF-1E2BFBB411D4}.Release|Mixed Platforms.ActiveCfg = Release|Win32
		{0D48DB6E-53F2-4882-94EF-1E2BFBB411D4}.Release|Mixed Platforms.Build.0 = Release|Win32
		{0D48DB6E-53F2-4882-94EF-1E2BFBB411D4}.Release|Win32.ActiveCfg = Release|Win32
		{0D48DB6E-53F2-4882-94EF-1E2BFBB411D4}.Release|Win32.Build.0 = Release|Win32
		{0D48DB6E-53F2-4882-94EF-1E2BFBB411D4}.Release|x64.ActiveCfg = Release|x64
		{0D48DB6E-53F2-4882-94EF-1E2BFBB411D4}.Release|x64.Build.0 = Release|x64
		{3520FBF4-9CF8-4F6C-97C7-F4572FA349AE}.Debug|Any CPU.ActiveCfg = Debug|Win32
		{3520FBF4-9CF8-4F6C-97C7-F4572FA349AE}.Debug|Mixed Platforms.ActiveCfg = Debug|Win32
		{3520FBF4-9CF8-4F6C-97C7-F4572FA349AE}.Debug|Mixed Platforms.Build.0 = Debug|Win32
		{3520FBF4-9CF8-4F6C-97C7-F4572FA349AE}.Debug|Win32.ActiveCfg = Debug|Win32
		{3520FBF4-9CF8-4F6C-97C7-F4572FA349AE}.Debug|Win32.Build.0 = Debug|Win32
		{3520FBF4-9CF8-4F6C-97C7-F4572FA349AE}.Debug|x64.ActiveCfg = Debug|x64
		{3520FBF4-9CF8-4F6C-97C7-F4572FA349AE}.Debug|x64.Build.0 = Debug|x64
		{3520FBF4-9CF8-4F6C-97C7-F4572FA349AE}.Release|Any CPU.ActiveCfg = Release|Win32
		{3520FBF4-9CF8-4F6C-97C7-F4572FA349AE}.Release|Mixed Platforms.ActiveCfg = Release|Win32
		{3520FBF4-9CF8-4F6C-97C7-F4572FA349AE}.Release|Mixed Platforms.Build.0 = Release|Win32
		{3520FBF4-9CF8-4F6C-97C7-F4572FA349AE}.Release|Win32.ActiveCfg = Release|Win32
		{3520FBF4-9CF8-4F6C-97C7-F4572FA349AE}.Release|Win32.Build.0 = Release|Win32
		{3520FBF4-9CF8-4F6C-97C7-F4572FA349AE}.Release|x64.ActiveCfg = Release|x64
		{3520FBF4-9CF8-4F6C-97C7-F4572FA349AE}.Release|x64.Build.0 = Release|x64
		{BF190D05-28EE-495B-92EE-2234BF9D9C44}.Debug|Any CPU.ActiveCfg = Debug|Win32
		{BF190D05-28EE-495B-92EE-2234BF9D9C44}.Debug|Mixed Platforms.ActiveCfg = Debug|Win32
		{BF190D05-28EE-495B-92EE-2234BF9D9C44}.Debug|Mixed Platforms.Build.0 = Debug|Win32
		{BF190D05-28EE-495B-92EE-2234BF9D9C44}.Debug|Win32.ActiveCfg = Debug|Win32
		{BF190D05-28EE-495B-92EE-2234BF9D9C44}.Debug|Win32.Build.0 = Debug|Win32
		{BF190D05-28EE-495B-92EE-2234BF9D9C44}.Debug|x64.ActiveCfg = Debug|x64
		{BF190D05-28EE-495B-92EE-2234BF9D9C44}.Debug|x64.Build.0 = Debug|x64
		{BF190D05-28EE-495B-92EE-2234BF9D9C44}.Release|Any CPU.ActiveCfg = Release|Win32
		{BF190D05-28EE-495B-92EE-2234BF9D9C44}.Release|Mixed Platforms.ActiveCfg = Release|Win32
		{BF190D05-28EE-495B-92EE-2234BF9D9C44}.Release|Mixed Platforms.Build.0 = Release|Win32
		{BF190D05-28EE-495B-92EE-2234BF9D9C44}.Release|Win32.ActiveCfg = Release|Win32
		{BF190D05-28EE-495B-92EE-2234BF9D9C44}.Release|Win32.Build.0 = Release|Win32
		{BF190D05-28EE-495B-92EE-2234BF9D9C44}.Release|x64.ActiveCfg = Release|x64
		{BF190D05-28EE-495B-92EE-2234BF9D9C44}.Release|x64.Build.0 = Release|x64
		{667AB214-1C43-483D-861E-2CE5F4A31563}.Debug|Any CPU.ActiveCfg = Debug|Win32
		{667AB214-1C43-483D-861E-2CE5F4A31563}.Debug|Mixed Platforms.ActiveCfg = Debug|Win32
		{667AB214-1C43-483D-861E-2CE5F4A31563}.Debug|Mixed Platforms.Build.0 = Debug|Win32
		{667AB214-1C43-483D-861E-2CE5F4A31563}.Debug|Win32.ActiveCfg = Debug|Win32
		{667AB214-1C43-483D-861E-2CE5F4A31563}.Debug|Win32.Build.0 = Debug|Win32
		{667AB214-1C43-483D-861E-2CE5F4A31563}.Debug|x64.ActiveCfg = Debug|x64
		{667AB214-1C43-483D-861E-2CE5F4A31563}.Debug|x64.Build.0 = Debug|x64
		{667AB214-1C43-483D-861E-2CE5F4A31563}.Release|Any CPU.ActiveCfg = Release|Win32
		{667AB214-1C43-483D-861E-2CE5F4A31563}.Release|Mixed Platforms.ActiveCfg = Release|Win32
		{667AB214-1C43-483D-861E-2CE5F4A31563}.Release|Mixed Platforms.Build.0 = Release|Win32
		{667AB214-1C43-483D-861E-2CE5F4A31563}.Release|Win32.ActiveCfg = Release|Win32
		{667AB214-1C43-483D-861E-2CE5F4A31563}.Release|Win32.Build.0 = Release|Win32
		{667AB214-1C43-483D-861E-2CE5F4A31563}.Release|x64.ActiveCfg = Release|x64
		{667AB214-1C43-483D-861E-2CE5F4A31563}.Release|x64.Build.0 = Release|x64
		{C4E5B946-F9AE-42D4-BA92-DEC5194FD4F2}.Debug|Any CPU.ActiveCfg = Debug|Win32
		{C4E5B946-F9AE-42D4-BA92-DEC5194FD4F2}.Debug|Mixed Platforms.ActiveCfg = Debug|Win32
		{C4E5B946-F9AE-42D4-BA92-DEC5194FD4F2}.Debug|Mixed Platforms.Build.0 = Debug|Win32
		{C4E5B946-F9AE-42D4-BA92-DEC5194FD4F2}.Debug|Win32.ActiveCfg = Debug|Win32
		{C4E5B946-F9AE-42D4-BA92-DEC5194FD4F2}.Debug|Win32.Build.0 = Debug|Win32
		{C4E5B946-F9AE-42D4-BA92-DEC5194FD4F2}.Debug|x64.ActiveCfg = Debug|x64
		{C4E5B946-F9AE-42D4-BA92-DEC5194FD4F2}.Debug|x64.Build.0 = Debug|x64
		{C4E5B946-F9AE-42D4-BA92-DEC5194FD4F2}.Release|Any CPU.ActiveCfg = Release|Win32
		{C4E5B946-F9AE-42D4-BA92-DEC5194FD4F2}.Release|Mixed Platforms.ActiveCfg = Release|Win32
		{C4E5B946-F9AE-42D4-BA92-DEC5194FD4F2}.Release|Mixed Platforms.Build.0 = Release|Win32
		{C4E5B946-F9AE-42D4-BA92-DEC5194FD4F2}.Release|Win32.ActiveCfg = Release|Win32
		{C4E5B946-F9AE-42D4-BA92-DEC5194FD4F2}.Release|Win32.Build.0 = Release|Win32
		{C4E5B946-F9AE-42D4-BA92-DEC5194FD4F2}.Release|x64.ActiveCfg = Release|x64
		{C4E5B946-F9AE-42D4-BA92-DEC5194FD4F2}.Release|x64.Build.0 = Release|x64
		{ECE12882-3907-4FBA-B216-96A38A3BB448}.Debug|Any CPU.ActiveCfg = Debug|Win32
		{ECE12882-3907-4FBA-B216-96A38A3BB448}.Debug|Mixed Platforms.ActiveCfg = Debug|Win32
		{ECE12882-3907-4FBA-B216-96A38A3BB448}.Debug|Mixed Platforms.Build.0 = Debug|Win32
		{ECE12882-3907-4FBA-B216-96A38A3BB448}.Debug|Win32.ActiveCfg = Debug|Win32
		{ECE12882-3907-4FBA-B216-96A38A3BB448}.Debug|Win32.Build.0 = Debug|Win32
		{ECE12882-3907-4FBA-B216-96A38A3BB448}.Debug|x64.ActiveCfg = Debug|x64
		{ECE12882-3907-4FBA-B216-96A38A3BB448}.Debug|x64.Build.0 = Debug|x64
		{ECE12882-3907-4FBA-B216-96A38A3BB448}.Release|Any CPU.ActiveCfg = Release|Win32
		{ECE12882-3907-4FBA-B216-96A38A3BB448}.Release|Mixed Platforms.ActiveCfg = Release|Win32
		{ECE12882-3907-4FBA-B216-96A38A3BB448}.Release|Mixed Platforms.Build.0 = Release|Win32
		{ECE12882-3907-4FBA-B216-96A38A3BB448}.Release|Win32.ActiveCfg = Release|Win32
		{ECE12882-3907-4FBA-B216-96A38A3BB448}.Release|Win32.Build.0 = Release|Win32
		{ECE12882-3907-4FBA-B216-96A38A3BB448}.Release|x64.ActiveCfg = Release|x64
		{ECE12882-3907-4FBA-B216-96A38A3BB448}.Release|x64.Build.0 = Release|x64
		{BDEC5A01-1B89-427A-9275-D5D2884BC2A5}.Debug|Any CPU.ActiveCfg = Debug|Win32
		{BDEC5A01-1B89-427A-9275-D5D2884BC2A5}.Debug|Mixed Platforms.ActiveCfg = Debug|Win32
		{BDEC5A01-1B89-427A-9275-D5D2884BC2A5}.Debug|Mixed Platforms.Build.0 = Debug|Win32
		{BDEC5A01-1B89-427A-9275-D5D2884BC2A5}.Debug|Win32.ActiveCfg = Debug|Win32
		{BDEC5A01-1B89-427A-9275-D5D2884BC2A5}.Debug|Win32.Build.0 = Debug|Win32
		{BDEC5A01-1B89-427A-9275-D5D2884BC2A5}.Debug|x64.ActiveCfg = Debug|x64
		{BDEC5A01-1B89-427A-9275-D5D2884BC2A5}.Debug|x64.Build.0 = Debug|x64
		{BDEC5A01-1B89-427A-9275-D5D2884BC2A5}.Release|Any CPU.ActiveCfg = Release|Win32
		{BDEC5A01-1B89-427A-9275-D5D2884BC2A5}.Release|Mixed Platforms.ActiveCfg = Release|Win32
		{BDEC5A01-1B89-427A-9275-D5D2884BC2A5}.Release|Mixed Platforms.Build.0 = Release|Win32
		{BDEC5A01-1B89-427A-9275-D5D2884BC2A5}.Release|Win32.ActiveCfg = Release|Win32
		{BDEC5A01-1B89-427A-9275-D5D2884BC2A5}.Release|Win32.Build.0 = Release|Win32
		{BDEC5A01-1B89-427A-9275-D5D2884BC2A5}.Release|x64.ActiveCfg = Release|x64
		{BDEC5A01-1B89-427A-9275-D5D2884BC2A5}.Release|x64.Build.0 = Release|x64
		{990FA9BD-0A0D-41E6-81DF-9ED1645F67E0}.Debug|Any CPU.ActiveCfg = Debug|Win32
		{990FA9BD-0A0D-41E6-81DF-9ED1645F67E0}.Debug|Mixed Platforms.ActiveCfg = Debug|Win32
		{990FA9BD-0A0D-41E6-81DF-9ED1645F67E0}.Debug|Mixed Platforms.Build.0 = Debug|Win32
		{990FA9BD-0A0D-41E6-81DF-9ED1645F67E0}.Debug|Win32.ActiveCfg = Debug|Win32
		{990FA9BD-0A0D-41E6-81DF-9ED1645F67E0}.Debug|Win32.Build.0 = Debug|Win32
		{990FA9BD-0A0D-41E6-81DF-9ED1645F67E0}.Debug|x64.ActiveCfg = Debug|x64
		{990FA9BD-0A0D-41E6-81DF-9ED1645F67E0}.Debug|x64.Build.0 = Debug|x64
		{990FA9BD-0A0D-41E6-81DF-9ED1645F67E0}.Release|Any CPU.ActiveCfg = Release|Win32
		{990FA9BD-0A0D-41E6-81DF-9ED1645F67E0}.Release|Mixed Platforms.ActiveCfg = Release|Win32
		{990FA9BD-0A0D-41E6-81DF-9ED1645F67E0}.Release|Mixed Platforms.Build.0 = Release|Win32
		{990FA9BD-0A0D-41E6-81DF-9ED1645F67E0}.Release|Win32.ActiveCfg = Release|Win32
		{990FA9BD-0A0D-41E6-81DF-9ED1645F67E0}.Release|Win32.Build.0 = Release|Win32
		{990FA9BD-0A0D-41E6-81DF-9ED1645F67E0}.Release|x64.ActiveCfg = Release|x64
		{990FA9BD-0A0D-41E6-81DF-9ED1645F67E0}.Release|x64.Build.0 = Release|x64
		{854F3C57-E7AF-42AD-8EA0-326CED88BA32}.Debug|Any CPU.ActiveCfg = Debug|Win32
		{854F3C57-E7AF-42AD-8EA0-326CED88BA32}.Debug|Mixed Platforms.ActiveCfg = Debug|Win32
		{854F3C57-E7AF-42AD-8EA0-326CED88BA32}.Debug|Mixed Platforms.Build.0 = Debug|Win32
		{854F3C57-E7AF-42AD-8EA0-326CED88BA32}.Debug|Win32.ActiveCfg = Debug|Win32
		{854F3C57-E7AF-42AD-8EA0-326CED88BA32}.Debug|Win32.Build.0 = Debug|Win32
		{854F3C57-E7AF-42AD-8EA0-326CED88BA32}.Debug|x64.ActiveCfg = Debug|x64
		{854F3C57-E7AF-42AD-8EA0-326CED88BA32}.Debug|x64.Build.0 = Debug|x64
		{854F3C57-E7AF-42AD-8EA0-326CED88BA32}.Release|Any CPU.ActiveCfg = Release|Win32
		{854F3C57-E7AF-42AD-8EA0-326CED88BA32}.Release|Mixed Platforms.ActiveCfg = Release|Win32
		{854F3C57-E7AF-42AD-8EA0-326CED88BA32}.Release|Mixed Platforms.Build.0 = Release|Win32
		{854F3C57-E7AF-42AD-8EA0-326CED88BA32}.Release|Win32.ActiveCfg = Release|Win32
		{854F3C57-E7AF-42AD-8EA0-326CED88BA32}.Release|Win32.Build.0 = Release|Win32
		{854F3C57-E7AF-42AD-8EA0-326CED88BA32}.Release|x64.ActiveCfg = Release|x64
		{854F3C57-E7AF-42AD-8EA0-326CED88BA32}.Release|x64.Build.0 = Release|x64
		{03A8E5BF-C3E5-4FD8-9769-018F4336B5FA}.Debug|Any CPU.ActiveCfg = Debug|Win32
		{03A8E5BF-C3E5-4FD8-9769-018F4336B5FA}.Debug|Mixed Platforms.ActiveCfg = Debug|Win32
		{03A8E5BF-C3E5-4FD8-9769-018F4336B5FA}.Debug|Mixed Platforms.Build.0 = Debug|Win32
		{03A8E5BF-C3E5-4FD8-9769-018F4336B5FA}.Debug|Win32.ActiveCfg = Debug|Win32
		{03A8E5BF-C3E5-4FD8-9769-018F4336B5FA}.Debug|Win32.Build.0 = Debug|Win32
		{03A8E5BF-C3E5-4FD8-9769-018F4336B5FA}.Debug|x64.ActiveCfg = Debug|x64
		{03A8E5BF-C3E5-4FD8-9769-018F4336B5FA}.Debug|x64.Build.0 = Debug|x64
		{03A8E5BF-C3E5-4FD8-9769-018F4336B5FA}.Release|Any CPU.ActiveCfg = Release|Win32
		{03A8E5BF-C3E5-4FD8-9769-018F4336B5FA}.Release|Mixed Platforms.ActiveCfg = Release|Win32
		{03A8E5BF-C3E5-4FD8-9769-018F4336B5FA}.Release|Mixed Platforms.Build.0 = Release|Win32
		{03A8E5BF-C3E5-4FD8-9769-018F4336B5FA}.Release|Win32.ActiveCfg = Release|Win32
		{03A8E5BF-C3E5-4FD8-9769-018F4336B5FA}.Release|Win32.Build.0 = Release|Win32
		{03A8E5BF-C3E5-4FD8-9769-018F4336B5FA}.Release|x64.ActiveCfg = Release|x64
		{03A8E5BF-C3E5-4FD8-9769-018F4336B5FA}.Release|x64.Build.0 = Release|x64
		{5EE724F9-2405-4EDE-A6D9-B5D88B01D163}.Debug|Any CPU.ActiveCfg = Debug|Win32
		{5EE724F9-2405-4EDE-A6D9-B5D88B01D163}.Debug|Mixed Platforms.ActiveCfg = Debug|Win32
		{5EE724F9-2405-4EDE-A6D9-B5D88B01D163}.Debug|Mixed Platforms.Build.0 = Debug|Win32
		{5EE724F9-2405-4EDE-A6D9-B5D88B01D163}.Debug|Win32.ActiveCfg = Debug|Win32
		{5EE724F9-2405-4EDE-A6D9-B5D88B01D163}.Debug|Win32.Build.0 = Debug|Win32
		{5EE724F9-2405-4EDE-A6D9-B5D88B01D163}.Debug|x64.ActiveCfg = Debug|x64
		{5EE724F9-2405-4EDE-A6D9-B5D88B01D163}.Debug|x64.Build.0 = Debug|x64
		{5EE724F9-2405-4EDE-A6D9-B5D88B01D163}.Release|Any CPU.ActiveCfg = Release|Win32
		{5EE724F9-2405-4EDE-A6D9-B5D88B01D163}.Release|Mixed Platforms.ActiveCfg = Release|Win32
		{5EE724F9-2405-4EDE-A6D9-B5D88B01D163}.Release|Mixed Platforms.Build.0 = Release|Win32
		{5EE724F9-2405-4EDE-A6D9-B5D88B01D163}.Release|Win32.ActiveCfg = Release|Win32
		{5EE724F9-2405-4EDE-A6D9-B5D88B01D163}.Release|Win32.Build.0 = Release|Win32
		{5EE724F9-2405-4EDE-A6D9-B5D88B01D163}.Release|x64.ActiveCfg = Release|x64
		{5EE724F9-2405-4EDE-A6D9-B5D88B01D163}.Release|x64.Build.0 = Release|x64
		{986C47C6-AF1E-4255-A96F-4DF48CA6D836}.Debug|Any CPU.ActiveCfg = Debug|Win32
		{986C47C6-AF1E-4255-A96F-4DF48CA6D836}.Debug|Mixed Platforms.ActiveCfg = Debug|Win32
		{986C47C6-AF1E-4255-A96F-4DF48CA6D836}.Debug|Mixed Platforms.Build.0 = Debug|Win32
		{986C47C6-AF1E-4255-A96F-4DF48CA6D836}.Debug|Win32.ActiveCfg = Debug|Win32
		{986C47C6-AF1E-4255-A96F-4DF48CA6D836}.Debug|Win32.Build.0 = Debug|Win32
		{986C47C6-AF1E-4255-A96F-4DF48CA6D836}.Debug|x64.ActiveCfg = Debug|x64
		{986C47C6-AF1E-4255-A96F-4DF48CA6D836}.Debug|x64.Build.0 = Debug|x64
		{986C47C6-AF1E-4255-A96F-4DF48CA6D836}.Release|Any CPU.ActiveCfg = Release|Win32
		{986C47C6-AF1E-4255-A96F-4DF48CA6D836}.Release|Mixed Platforms.ActiveCfg = Release|Win32
		{986C47C6-AF1E-4255-A96F-4DF48CA6D836}.Release|Mixed Platforms.Build.0 = Release|Win32
		{986C47C6-AF1E-4255-A96F-4DF48CA6D836}.Release|Win32.ActiveCfg = Release|Win32
		{986C47C6-AF1E-4255-A96F-4DF48CA6D836}.Release|Win32.Build.0 = Release|Win32
		{986C47C6-AF1E-4255-A96F-4DF48CA6D836}.Release|x64.ActiveCfg = Release|x64
		{986C47C6-AF1E-4255-A96F-4DF48CA6D836}.Release|x64.Build.0 = Release|x64
	EndGlobalSection
	GlobalSection(SolutionProperties) = preSolution
		HideSolutionNode = FALSE
	EndGlobalSection
	GlobalSection(ExtensibilityGlobals) = postSolution
		SolutionGuid = {49BFB462-68F0-4C29-8F9C-1FFDCAF4D74B}
	EndGlobalSection
EndGlobal
